github.com/davecgh/go-spew v1.1.1 h1:vj9j/u1bqnvCEfJOwUhtlOARqs3+rkHYY13jYWTU97c=
github.com/davecgh/go-spew v1.1.1/go.mod h1:J7Y8YcW2NihsgmVo/mv3lAwl/skON4iLHjSsI+c5H38=
github.com/ungerik/go-cairo v0.0.0-20240304075741-47de8851d267 h1:KA55kgg61iraQP4wSKIFRHwHIgDqim2Tvh8EXn7Udxw=
github.com/ungerik/go-cairo v0.0.0-20240304075741-47de8851d267/go.mod h1:yLTJg56omDJ+JVxZ5whpCrZgQdaSs+OBdFa+X6ViJcI=
github.com/veandco/go-sdl2 v0.4.40 h1:fZv6wC3zz1Xt167P09gazawnpa0KY5LM7JAvKpX9d/U=
github.com/veandco/go-sdl2 v0.4.40/go.mod h1:OROqMhHD43nT4/i9crJukyVecjPNYYuCofep6SNiAjY=
